// !$*UTF8*$!
{
	archiveVersion = 1;
	classes = {
	};
	objectVersion = 56;
	objects = {

/* Begin PBXBuildFile section */
		9C1AFCC92B16F38D00574C88 /* RangeSlider.swift in Sources */ = {isa = PBXBuildFile; fileRef = 9C1AFCC82B16F38D00574C88 /* RangeSlider.swift */; };
		9C57CC7F2B0953EA00F795CB /* BatteryView.swift in Sources */ = {isa = PBXBuildFile; fileRef = 9C57CC7E2B0953EA00F795CB /* BatteryView.swift */; };
		9C84867F2BCEDE9400BC5A06 /* LoggerUI.swift in Sources */ = {isa = PBXBuildFile; fileRef = 9C84867E2BCEDE9400BC5A06 /* LoggerUI.swift */; };
		9C89EA612AF9A8E100E794FA /* MonoTestAppApp.swift in Sources */ = {isa = PBXBuildFile; fileRef = 9C89EA602AF9A8E100E794FA /* MonoTestAppApp.swift */; };
		9C89EA632AF9A8E100E794FA /* ContentView.swift in Sources */ = {isa = PBXBuildFile; fileRef = 9C89EA622AF9A8E100E794FA /* ContentView.swift */; };
		9C89EA652AF9A8E100E794FA /* Item.swift in Sources */ = {isa = PBXBuildFile; fileRef = 9C89EA642AF9A8E100E794FA /* Item.swift */; };
		9C89EA672AF9A8E200E794FA /* Assets.xcassets in Resources */ = {isa = PBXBuildFile; fileRef = 9C89EA662AF9A8E200E794FA /* Assets.xcassets */; };
		9C89EA6A2AF9A8E200E794FA /* Preview Assets.xcassets in Resources */ = {isa = PBXBuildFile; fileRef = 9C89EA692AF9A8E200E794FA /* Preview Assets.xcassets */; };
		9C89EA762AF9A8E200E794FA /* MonoTestAppTests.swift in Sources */ = {isa = PBXBuildFile; fileRef = 9C89EA752AF9A8E200E794FA /* MonoTestAppTests.swift */; };
		9C89EA802AF9A8E200E794FA /* MonoTestAppUITests.swift in Sources */ = {isa = PBXBuildFile; fileRef = 9C89EA7F2AF9A8E200E794FA /* MonoTestAppUITests.swift */; };
		9C89EA822AF9A8E200E794FA /* MonoTestAppUITestsLaunchTests.swift in Sources */ = {isa = PBXBuildFile; fileRef = 9C89EA812AF9A8E200E794FA /* MonoTestAppUITestsLaunchTests.swift */; };
		9C96CFF62BBCC82E00C3F8C8 /* Sliders in Frameworks */ = {isa = PBXBuildFile; productRef = 9C96CFF52BBCC82E00C3F8C8 /* Sliders */; };
		9C9B089A2B0B1BD400D8831F /* WidgetKit.framework in Frameworks */ = {isa = PBXBuildFile; fileRef = 9C9B08992B0B1BD400D8831F /* WidgetKit.framework */; };
		9C9B089C2B0B1BD400D8831F /* SwiftUI.framework in Frameworks */ = {isa = PBXBuildFile; fileRef = 9C9B089B2B0B1BD400D8831F /* SwiftUI.framework */; };
		9C9B089F2B0B1BD400D8831F /* MonoWidgetBundle.swift in Sources */ = {isa = PBXBuildFile; fileRef = 9C9B089E2B0B1BD400D8831F /* MonoWidgetBundle.swift */; };
		9C9B08A12B0B1BD400D8831F /* MonoWidgetLiveActivity.swift in Sources */ = {isa = PBXBuildFile; fileRef = 9C9B08A02B0B1BD400D8831F /* MonoWidgetLiveActivity.swift */; };
		9C9B08A32B0B1BD400D8831F /* MonoWidget.swift in Sources */ = {isa = PBXBuildFile; fileRef = 9C9B08A22B0B1BD400D8831F /* MonoWidget.swift */; };
		9C9B08A52B0B1BD400D8831F /* AppIntent.swift in Sources */ = {isa = PBXBuildFile; fileRef = 9C9B08A42B0B1BD400D8831F /* AppIntent.swift */; };
		9C9B08A72B0B1BD400D8831F /* Assets.xcassets in Resources */ = {isa = PBXBuildFile; fileRef = 9C9B08A62B0B1BD400D8831F /* Assets.xcassets */; };
		9C9B08AB2B0B1BD400D8831F /* MonoWidgetExtension.appex in Embed Foundation Extensions */ = {isa = PBXBuildFile; fileRef = 9C9B08972B0B1BD400D8831F /* MonoWidgetExtension.appex */; settings = {ATTRIBUTES = (RemoveHeadersOnCopy, ); }; };
		9C9B08B12B0B1BFC00D8831F /* MonoCore.swift in Sources */ = {isa = PBXBuildFile; fileRef = 9C9B08B02B0B1BFC00D8831F /* MonoCore.swift */; };
		9C9B08B22B0B1BFC00D8831F /* MonoCore.swift in Sources */ = {isa = PBXBuildFile; fileRef = 9C9B08B02B0B1BFC00D8831F /* MonoCore.swift */; };
		9CD2AC0B2B0000D800695B5D /* mapviewer.swift in Sources */ = {isa = PBXBuildFile; fileRef = 9CD2AC0A2B0000D800695B5D /* mapviewer.swift */; };
		9CEDBC5C2BBC81F8002256AB /* MapButtons.swift in Sources */ = {isa = PBXBuildFile; fileRef = 9CEDBC5B2BBC81F8002256AB /* MapButtons.swift */; };
/* End PBXBuildFile section */

/* Begin PBXContainerItemProxy section */
		9C89EA722AF9A8E200E794FA /* PBXContainerItemProxy */ = {
			isa = PBXContainerItemProxy;
			containerPortal = 9C89EA552AF9A8E100E794FA /* Project object */;
			proxyType = 1;
			remoteGlobalIDString = 9C89EA5C2AF9A8E100E794FA;
			remoteInfo = MonoTestApp;
		};
		9C89EA7C2AF9A8E200E794FA /* PBXContainerItemProxy */ = {
			isa = PBXContainerItemProxy;
			containerPortal = 9C89EA552AF9A8E100E794FA /* Project object */;
			proxyType = 1;
			remoteGlobalIDString = 9C89EA5C2AF9A8E100E794FA;
			remoteInfo = MonoTestApp;
		};
		9C9B08A92B0B1BD400D8831F /* PBXContainerItemProxy */ = {
			isa = PBXContainerItemProxy;
			containerPortal = 9C89EA552AF9A8E100E794FA /* Project object */;
			proxyType = 1;
			remoteGlobalIDString = 9C9B08962B0B1BD400D8831F;
			remoteInfo = MonoWidgetExtension;
		};
/* End PBXContainerItemProxy section */

/* Begin PBXCopyFilesBuildPhase section */
		9C9B08AC2B0B1BD400D8831F /* Embed Foundation Extensions */ = {
			isa = PBXCopyFilesBuildPhase;
			buildActionMask = 2147483647;
			dstPath = "";
			dstSubfolderSpec = 13;
			files = (
				9C9B08AB2B0B1BD400D8831F /* MonoWidgetExtension.appex in Embed Foundation Extensions */,
			);
			name = "Embed Foundation Extensions";
			runOnlyForDeploymentPostprocessing = 0;
		};
/* End PBXCopyFilesBuildPhase section */

/* Begin PBXFileReference section */
		9C1AFCC82B16F38D00574C88 /* RangeSlider.swift */ = {isa = PBXFileReference; fileEncoding = 4; lastKnownFileType = sourcecode.swift; path = RangeSlider.swift; sourceTree = "<group>"; };
		9C57CC7E2B0953EA00F795CB /* BatteryView.swift */ = {isa = PBXFileReference; fileEncoding = 4; lastKnownFileType = sourcecode.swift; path = BatteryView.swift; sourceTree = "<group>"; };
		9C84867E2BCEDE9400BC5A06 /* LoggerUI.swift */ = {isa = PBXFileReference; lastKnownFileType = sourcecode.swift; path = LoggerUI.swift; sourceTree = "<group>"; };
		9C89EA5D2AF9A8E100E794FA /* MonoTestApp.app */ = {isa = PBXFileReference; explicitFileType = wrapper.application; includeInIndex = 0; path = MonoTestApp.app; sourceTree = BUILT_PRODUCTS_DIR; };
		9C89EA602AF9A8E100E794FA /* MonoTestAppApp.swift */ = {isa = PBXFileReference; lastKnownFileType = sourcecode.swift; path = MonoTestAppApp.swift; sourceTree = "<group>"; };
		9C89EA622AF9A8E100E794FA /* ContentView.swift */ = {isa = PBXFileReference; lastKnownFileType = sourcecode.swift; path = ContentView.swift; sourceTree = "<group>"; };
		9C89EA642AF9A8E100E794FA /* Item.swift */ = {isa = PBXFileReference; lastKnownFileType = sourcecode.swift; path = Item.swift; sourceTree = "<group>"; };
		9C89EA662AF9A8E200E794FA /* Assets.xcassets */ = {isa = PBXFileReference; lastKnownFileType = folder.assetcatalog; path = Assets.xcassets; sourceTree = "<group>"; };
		9C89EA692AF9A8E200E794FA /* Preview Assets.xcassets */ = {isa = PBXFileReference; lastKnownFileType = folder.assetcatalog; path = "Preview Assets.xcassets"; sourceTree = "<group>"; };
		9C89EA6B2AF9A8E200E794FA /* MonoTestApp.entitlements */ = {isa = PBXFileReference; lastKnownFileType = text.plist.entitlements; path = MonoTestApp.entitlements; sourceTree = "<group>"; };
		9C89EA6C2AF9A8E200E794FA /* Info.plist */ = {isa = PBXFileReference; lastKnownFileType = text.plist.xml; path = Info.plist; sourceTree = "<group>"; };
		9C89EA712AF9A8E200E794FA /* MonoTestAppTests.xctest */ = {isa = PBXFileReference; explicitFileType = wrapper.cfbundle; includeInIndex = 0; path = MonoTestAppTests.xctest; sourceTree = BUILT_PRODUCTS_DIR; };
		9C89EA752AF9A8E200E794FA /* MonoTestAppTests.swift */ = {isa = PBXFileReference; lastKnownFileType = sourcecode.swift; path = MonoTestAppTests.swift; sourceTree = "<group>"; };
		9C89EA7B2AF9A8E200E794FA /* MonoTestAppUITests.xctest */ = {isa = PBXFileReference; explicitFileType = wrapper.cfbundle; includeInIndex = 0; path = MonoTestAppUITests.xctest; sourceTree = BUILT_PRODUCTS_DIR; };
		9C89EA7F2AF9A8E200E794FA /* MonoTestAppUITests.swift */ = {isa = PBXFileReference; lastKnownFileType = sourcecode.swift; path = MonoTestAppUITests.swift; sourceTree = "<group>"; };
		9C89EA812AF9A8E200E794FA /* MonoTestAppUITestsLaunchTests.swift */ = {isa = PBXFileReference; lastKnownFileType = sourcecode.swift; path = MonoTestAppUITestsLaunchTests.swift; sourceTree = "<group>"; };
		9C9B08972B0B1BD400D8831F /* MonoWidgetExtension.appex */ = {isa = PBXFileReference; explicitFileType = "wrapper.app-extension"; includeInIndex = 0; path = MonoWidgetExtension.appex; sourceTree = BUILT_PRODUCTS_DIR; };
		9C9B08992B0B1BD400D8831F /* WidgetKit.framework */ = {isa = PBXFileReference; lastKnownFileType = wrapper.framework; name = WidgetKit.framework; path = System/Library/Frameworks/WidgetKit.framework; sourceTree = SDKROOT; };
		9C9B089B2B0B1BD400D8831F /* SwiftUI.framework */ = {isa = PBXFileReference; lastKnownFileType = wrapper.framework; name = SwiftUI.framework; path = System/Library/Frameworks/SwiftUI.framework; sourceTree = SDKROOT; };
		9C9B089E2B0B1BD400D8831F /* MonoWidgetBundle.swift */ = {isa = PBXFileReference; lastKnownFileType = sourcecode.swift; path = MonoWidgetBundle.swift; sourceTree = "<group>"; };
		9C9B08A02B0B1BD400D8831F /* MonoWidgetLiveActivity.swift */ = {isa = PBXFileReference; lastKnownFileType = sourcecode.swift; path = MonoWidgetLiveActivity.swift; sourceTree = "<group>"; };
		9C9B08A22B0B1BD400D8831F /* MonoWidget.swift */ = {isa = PBXFileReference; lastKnownFileType = sourcecode.swift; path = MonoWidget.swift; sourceTree = "<group>"; };
		9C9B08A42B0B1BD400D8831F /* AppIntent.swift */ = {isa = PBXFileReference; lastKnownFileType = sourcecode.swift; path = AppIntent.swift; sourceTree = "<group>"; };
		9C9B08A62B0B1BD400D8831F /* Assets.xcassets */ = {isa = PBXFileReference; lastKnownFileType = folder.assetcatalog; path = Assets.xcassets; sourceTree = "<group>"; };
		9C9B08A82B0B1BD400D8831F /* Info.plist */ = {isa = PBXFileReference; lastKnownFileType = text.plist.xml; path = Info.plist; sourceTree = "<group>"; };
		9C9B08B02B0B1BFC00D8831F /* MonoCore.swift */ = {isa = PBXFileReference; lastKnownFileType = sourcecode.swift; path = MonoCore.swift; sourceTree = "<group>"; };
		9CD2AC0A2B0000D800695B5D /* mapviewer.swift */ = {isa = PBXFileReference; fileEncoding = 4; lastKnownFileType = sourcecode.swift; path = mapviewer.swift; sourceTree = "<group>"; };
		9CEDBC5B2BBC81F8002256AB /* MapButtons.swift */ = {isa = PBXFileReference; lastKnownFileType = sourcecode.swift; path = MapButtons.swift; sourceTree = "<group>"; };
/* End PBXFileReference section */

/* Begin PBXFrameworksBuildPhase section */
		9C89EA5A2AF9A8E100E794FA /* Frameworks */ = {
			isa = PBXFrameworksBuildPhase;
			buildActionMask = 2147483647;
			files = (
				9C96CFF62BBCC82E00C3F8C8 /* Sliders in Frameworks */,
			);
			runOnlyForDeploymentPostprocessing = 0;
		};
		9C89EA6E2AF9A8E200E794FA /* Frameworks */ = {
			isa = PBXFrameworksBuildPhase;
			buildActionMask = 2147483647;
			files = (
			);
			runOnlyForDeploymentPostprocessing = 0;
		};
		9C89EA782AF9A8E200E794FA /* Frameworks */ = {
			isa = PBXFrameworksBuildPhase;
			buildActionMask = 2147483647;
			files = (
			);
			runOnlyForDeploymentPostprocessing = 0;
		};
		9C9B08942B0B1BD400D8831F /* Frameworks */ = {
			isa = PBXFrameworksBuildPhase;
			buildActionMask = 2147483647;
			files = (
				9C9B089C2B0B1BD400D8831F /* SwiftUI.framework in Frameworks */,
				9C9B089A2B0B1BD400D8831F /* WidgetKit.framework in Frameworks */,
			);
			runOnlyForDeploymentPostprocessing = 0;
		};
/* End PBXFrameworksBuildPhase section */

/* Begin PBXGroup section */
		9C89EA542AF9A8E100E794FA = {
			isa = PBXGroup;
			children = (
				9C89EA5F2AF9A8E100E794FA /* MonoTestApp */,
				9C89EA742AF9A8E200E794FA /* MonoTestAppTests */,
				9C89EA7E2AF9A8E200E794FA /* MonoTestAppUITests */,
				9C9B089D2B0B1BD400D8831F /* MonoWidget */,
				9C9B08982B0B1BD400D8831F /* Frameworks */,
				9C89EA5E2AF9A8E100E794FA /* Products */,
			);
			sourceTree = "<group>";
		};
		9C89EA5E2AF9A8E100E794FA /* Products */ = {
			isa = PBXGroup;
			children = (
				9C89EA5D2AF9A8E100E794FA /* MonoTestApp.app */,
				9C89EA712AF9A8E200E794FA /* MonoTestAppTests.xctest */,
				9C89EA7B2AF9A8E200E794FA /* MonoTestAppUITests.xctest */,
				9C9B08972B0B1BD400D8831F /* MonoWidgetExtension.appex */,
			);
			name = Products;
			sourceTree = "<group>";
		};
		9C89EA5F2AF9A8E100E794FA /* MonoTestApp */ = {
			isa = PBXGroup;
			children = (
				9C1AFCC82B16F38D00574C88 /* RangeSlider.swift */,
				9C57CC7E2B0953EA00F795CB /* BatteryView.swift */,
				9CD2AC0A2B0000D800695B5D /* mapviewer.swift */,
				9C89EA602AF9A8E100E794FA /* MonoTestAppApp.swift */,
				9C89EA622AF9A8E100E794FA /* ContentView.swift */,
				9C89EA642AF9A8E100E794FA /* Item.swift */,
				9C89EA662AF9A8E200E794FA /* Assets.xcassets */,
				9C89EA6B2AF9A8E200E794FA /* MonoTestApp.entitlements */,
				9C89EA6C2AF9A8E200E794FA /* Info.plist */,
				9C89EA682AF9A8E200E794FA /* Preview Content */,
				9C9B08B02B0B1BFC00D8831F /* MonoCore.swift */,
				9CEDBC5B2BBC81F8002256AB /* MapButtons.swift */,
				9C84867E2BCEDE9400BC5A06 /* LoggerUI.swift */,
			);
			path = MonoTestApp;
			sourceTree = "<group>";
		};
		9C89EA682AF9A8E200E794FA /* Preview Content */ = {
			isa = PBXGroup;
			children = (
				9C89EA692AF9A8E200E794FA /* Preview Assets.xcassets */,
			);
			path = "Preview Content";
			sourceTree = "<group>";
		};
		9C89EA742AF9A8E200E794FA /* MonoTestAppTests */ = {
			isa = PBXGroup;
			children = (
				9C89EA752AF9A8E200E794FA /* MonoTestAppTests.swift */,
			);
			path = MonoTestAppTests;
			sourceTree = "<group>";
		};
		9C89EA7E2AF9A8E200E794FA /* MonoTestAppUITests */ = {
			isa = PBXGroup;
			children = (
				9C89EA7F2AF9A8E200E794FA /* MonoTestAppUITests.swift */,
				9C89EA812AF9A8E200E794FA /* MonoTestAppUITestsLaunchTests.swift */,
			);
			path = MonoTestAppUITests;
			sourceTree = "<group>";
		};
		9C9B08982B0B1BD400D8831F /* Frameworks */ = {
			isa = PBXGroup;
			children = (
				9C9B08992B0B1BD400D8831F /* WidgetKit.framework */,
				9C9B089B2B0B1BD400D8831F /* SwiftUI.framework */,
			);
			name = Frameworks;
			sourceTree = "<group>";
		};
		9C9B089D2B0B1BD400D8831F /* MonoWidget */ = {
			isa = PBXGroup;
			children = (
				9C9B089E2B0B1BD400D8831F /* MonoWidgetBundle.swift */,
				9C9B08A02B0B1BD400D8831F /* MonoWidgetLiveActivity.swift */,
				9C9B08A22B0B1BD400D8831F /* MonoWidget.swift */,
				9C9B08A42B0B1BD400D8831F /* AppIntent.swift */,
				9C9B08A62B0B1BD400D8831F /* Assets.xcassets */,
				9C9B08A82B0B1BD400D8831F /* Info.plist */,
			);
			path = MonoWidget;
			sourceTree = "<group>";
		};
/* End PBXGroup section */

/* Begin PBXNativeTarget section */
		9C89EA5C2AF9A8E100E794FA /* MonoTestApp */ = {
			isa = PBXNativeTarget;
			buildConfigurationList = 9C89EA852AF9A8E200E794FA /* Build configuration list for PBXNativeTarget "MonoTestApp" */;
			buildPhases = (
				9C89EA592AF9A8E100E794FA /* Sources */,
				9C89EA5A2AF9A8E100E794FA /* Frameworks */,
				9C89EA5B2AF9A8E100E794FA /* Resources */,
				9C9B08AC2B0B1BD400D8831F /* Embed Foundation Extensions */,
			);
			buildRules = (
			);
			dependencies = (
				9C9B08AA2B0B1BD400D8831F /* PBXTargetDependency */,
			);
			name = MonoTestApp;
			packageProductDependencies = (
				9C96CFF52BBCC82E00C3F8C8 /* Sliders */,
			);
			productName = MonoTestApp;
			productReference = 9C89EA5D2AF9A8E100E794FA /* MonoTestApp.app */;
			productType = "com.apple.product-type.application";
		};
		9C89EA702AF9A8E200E794FA /* MonoTestAppTests */ = {
			isa = PBXNativeTarget;
			buildConfigurationList = 9C89EA882AF9A8E200E794FA /* Build configuration list for PBXNativeTarget "MonoTestAppTests" */;
			buildPhases = (
				9C89EA6D2AF9A8E200E794FA /* Sources */,
				9C89EA6E2AF9A8E200E794FA /* Frameworks */,
				9C89EA6F2AF9A8E200E794FA /* Resources */,
			);
			buildRules = (
			);
			dependencies = (
				9C89EA732AF9A8E200E794FA /* PBXTargetDependency */,
			);
			name = MonoTestAppTests;
			productName = MonoTestAppTests;
			productReference = 9C89EA712AF9A8E200E794FA /* MonoTestAppTests.xctest */;
			productType = "com.apple.product-type.bundle.unit-test";
		};
		9C89EA7A2AF9A8E200E794FA /* MonoTestAppUITests */ = {
			isa = PBXNativeTarget;
			buildConfigurationList = 9C89EA8B2AF9A8E200E794FA /* Build configuration list for PBXNativeTarget "MonoTestAppUITests" */;
			buildPhases = (
				9C89EA772AF9A8E200E794FA /* Sources */,
				9C89EA782AF9A8E200E794FA /* Frameworks */,
				9C89EA792AF9A8E200E794FA /* Resources */,
			);
			buildRules = (
			);
			dependencies = (
				9C89EA7D2AF9A8E200E794FA /* PBXTargetDependency */,
			);
			name = MonoTestAppUITests;
			productName = MonoTestAppUITests;
			productReference = 9C89EA7B2AF9A8E200E794FA /* MonoTestAppUITests.xctest */;
			productType = "com.apple.product-type.bundle.ui-testing";
		};
		9C9B08962B0B1BD400D8831F /* MonoWidgetExtension */ = {
			isa = PBXNativeTarget;
			buildConfigurationList = 9C9B08AF2B0B1BD400D8831F /* Build configuration list for PBXNativeTarget "MonoWidgetExtension" */;
			buildPhases = (
				9C9B08932B0B1BD400D8831F /* Sources */,
				9C9B08942B0B1BD400D8831F /* Frameworks */,
				9C9B08952B0B1BD400D8831F /* Resources */,
			);
			buildRules = (
			);
			dependencies = (
			);
			name = MonoWidgetExtension;
			productName = MonoWidgetExtension;
			productReference = 9C9B08972B0B1BD400D8831F /* MonoWidgetExtension.appex */;
			productType = "com.apple.product-type.app-extension";
		};
/* End PBXNativeTarget section */

/* Begin PBXProject section */
		9C89EA552AF9A8E100E794FA /* Project object */ = {
			isa = PBXProject;
			attributes = {
				BuildIndependentTargetsInParallel = 1;
				LastSwiftUpdateCheck = 1500;
				LastUpgradeCheck = 1500;
				TargetAttributes = {
					9C89EA5C2AF9A8E100E794FA = {
						CreatedOnToolsVersion = 15.0;
					};
					9C89EA702AF9A8E200E794FA = {
						CreatedOnToolsVersion = 15.0;
						TestTargetID = 9C89EA5C2AF9A8E100E794FA;
					};
					9C89EA7A2AF9A8E200E794FA = {
						CreatedOnToolsVersion = 15.0;
						TestTargetID = 9C89EA5C2AF9A8E100E794FA;
					};
					9C9B08962B0B1BD400D8831F = {
						CreatedOnToolsVersion = 15.0.1;
					};
				};
			};
			buildConfigurationList = 9C89EA582AF9A8E100E794FA /* Build configuration list for PBXProject "MonoTestApp" */;
			compatibilityVersion = "Xcode 14.0";
			developmentRegion = en;
			hasScannedForEncodings = 0;
			knownRegions = (
				en,
				Base,
			);
			mainGroup = 9C89EA542AF9A8E100E794FA;
			packageReferences = (
				9C96CFF42BBCC82E00C3F8C8 /* XCRemoteSwiftPackageReference "swiftui-sliders" */,
			);
			productRefGroup = 9C89EA5E2AF9A8E100E794FA /* Products */;
			projectDirPath = "";
			projectRoot = "";
			targets = (
				9C89EA5C2AF9A8E100E794FA /* MonoTestApp */,
				9C89EA702AF9A8E200E794FA /* MonoTestAppTests */,
				9C89EA7A2AF9A8E200E794FA /* MonoTestAppUITests */,
				9C9B08962B0B1BD400D8831F /* MonoWidgetExtension */,
			);
		};
/* End PBXProject section */

/* Begin PBXResourcesBuildPhase section */
		9C89EA5B2AF9A8E100E794FA /* Resources */ = {
			isa = PBXResourcesBuildPhase;
			buildActionMask = 2147483647;
			files = (
				9C89EA6A2AF9A8E200E794FA /* Preview Assets.xcassets in Resources */,
				9C89EA672AF9A8E200E794FA /* Assets.xcassets in Resources */,
			);
			runOnlyForDeploymentPostprocessing = 0;
		};
		9C89EA6F2AF9A8E200E794FA /* Resources */ = {
			isa = PBXResourcesBuildPhase;
			buildActionMask = 2147483647;
			files = (
			);
			runOnlyForDeploymentPostprocessing = 0;
		};
		9C89EA792AF9A8E200E794FA /* Resources */ = {
			isa = PBXResourcesBuildPhase;
			buildActionMask = 2147483647;
			files = (
			);
			runOnlyForDeploymentPostprocessing = 0;
		};
		9C9B08952B0B1BD400D8831F /* Resources */ = {
			isa = PBXResourcesBuildPhase;
			buildActionMask = 2147483647;
			files = (
				9C9B08A72B0B1BD400D8831F /* Assets.xcassets in Resources */,
			);
			runOnlyForDeploymentPostprocessing = 0;
		};
/* End PBXResourcesBuildPhase section */

/* Begin PBXSourcesBuildPhase section */
		9C89EA592AF9A8E100E794FA /* Sources */ = {
			isa = PBXSourcesBuildPhase;
			buildActionMask = 2147483647;
			files = (
				9CEDBC5C2BBC81F8002256AB /* MapButtons.swift in Sources */,
				9C89EA632AF9A8E100E794FA /* ContentView.swift in Sources */,
				9C57CC7F2B0953EA00F795CB /* BatteryView.swift in Sources */,
				9C89EA652AF9A8E100E794FA /* Item.swift in Sources */,
				9C9B08B12B0B1BFC00D8831F /* MonoCore.swift in Sources */,
				9CD2AC0B2B0000D800695B5D /* mapviewer.swift in Sources */,
				9C1AFCC92B16F38D00574C88 /* RangeSlider.swift in Sources */,
				9C89EA612AF9A8E100E794FA /* MonoTestAppApp.swift in Sources */,
				9C84867F2BCEDE9400BC5A06 /* LoggerUI.swift in Sources */,
			);
			runOnlyForDeploymentPostprocessing = 0;
		};
		9C89EA6D2AF9A8E200E794FA /* Sources */ = {
			isa = PBXSourcesBuildPhase;
			buildActionMask = 2147483647;
			files = (
				9C89EA762AF9A8E200E794FA /* MonoTestAppTests.swift in Sources */,
			);
			runOnlyForDeploymentPostprocessing = 0;
		};
		9C89EA772AF9A8E200E794FA /* Sources */ = {
			isa = PBXSourcesBuildPhase;
			buildActionMask = 2147483647;
			files = (
				9C89EA802AF9A8E200E794FA /* MonoTestAppUITests.swift in Sources */,
				9C89EA822AF9A8E200E794FA /* MonoTestAppUITestsLaunchTests.swift in Sources */,
			);
			runOnlyForDeploymentPostprocessing = 0;
		};
		9C9B08932B0B1BD400D8831F /* Sources */ = {
			isa = PBXSourcesBuildPhase;
			buildActionMask = 2147483647;
			files = (
				9C9B089F2B0B1BD400D8831F /* MonoWidgetBundle.swift in Sources */,
				9C9B08A52B0B1BD400D8831F /* AppIntent.swift in Sources */,
				9C9B08A12B0B1BD400D8831F /* MonoWidgetLiveActivity.swift in Sources */,
				9C9B08A32B0B1BD400D8831F /* MonoWidget.swift in Sources */,
				9C9B08B22B0B1BFC00D8831F /* MonoCore.swift in Sources */,
			);
			runOnlyForDeploymentPostprocessing = 0;
		};
/* End PBXSourcesBuildPhase section */

/* Begin PBXTargetDependency section */
		9C89EA732AF9A8E200E794FA /* PBXTargetDependency */ = {
			isa = PBXTargetDependency;
			target = 9C89EA5C2AF9A8E100E794FA /* MonoTestApp */;
			targetProxy = 9C89EA722AF9A8E200E794FA /* PBXContainerItemProxy */;
		};
		9C89EA7D2AF9A8E200E794FA /* PBXTargetDependency */ = {
			isa = PBXTargetDependency;
			target = 9C89EA5C2AF9A8E100E794FA /* MonoTestApp */;
			targetProxy = 9C89EA7C2AF9A8E200E794FA /* PBXContainerItemProxy */;
		};
		9C9B08AA2B0B1BD400D8831F /* PBXTargetDependency */ = {
			isa = PBXTargetDependency;
			target = 9C9B08962B0B1BD400D8831F /* MonoWidgetExtension */;
			targetProxy = 9C9B08A92B0B1BD400D8831F /* PBXContainerItemProxy */;
		};
/* End PBXTargetDependency section */

/* Begin XCBuildConfiguration section */
		9C89EA832AF9A8E200E794FA /* Debug */ = {
			isa = XCBuildConfiguration;
			buildSettings = {
				ALWAYS_SEARCH_USER_PATHS = NO;
				ASSETCATALOG_COMPILER_GENERATE_SWIFT_ASSET_SYMBOL_EXTENSIONS = YES;
				CLANG_ANALYZER_NONNULL = YES;
				CLANG_ANALYZER_NUMBER_OBJECT_CONVERSION = YES_AGGRESSIVE;
				CLANG_CXX_LANGUAGE_STANDARD = "gnu++20";
				CLANG_ENABLE_MODULES = YES;
				CLANG_ENABLE_OBJC_ARC = YES;
				CLANG_ENABLE_OBJC_WEAK = YES;
				CLANG_WARN_BLOCK_CAPTURE_AUTORELEASING = YES;
				CLANG_WARN_BOOL_CONVERSION = YES;
				CLANG_WARN_COMMA = YES;
				CLANG_WARN_CONSTANT_CONVERSION = YES;
				CLANG_WARN_DEPRECATED_OBJC_IMPLEMENTATIONS = YES;
				CLANG_WARN_DIRECT_OBJC_ISA_USAGE = YES_ERROR;
				CLANG_WARN_DOCUMENTATION_COMMENTS = YES;
				CLANG_WARN_EMPTY_BODY = YES;
				CLANG_WARN_ENUM_CONVERSION = YES;
				CLANG_WARN_INFINITE_RECURSION = YES;
				CLANG_WARN_INT_CONVERSION = YES;
				CLANG_WARN_NON_LITERAL_NULL_CONVERSION = YES;
				CLANG_WARN_OBJC_IMPLICIT_RETAIN_SELF = YES;
				CLANG_WARN_OBJC_LITERAL_CONVERSION = YES;
				CLANG_WARN_OBJC_ROOT_CLASS = YES_ERROR;
				CLANG_WARN_QUOTED_INCLUDE_IN_FRAMEWORK_HEADER = YES;
				CLANG_WARN_RANGE_LOOP_ANALYSIS = YES;
				CLANG_WARN_STRICT_PROTOTYPES = YES;
				CLANG_WARN_SUSPICIOUS_MOVE = YES;
				CLANG_WARN_UNGUARDED_AVAILABILITY = YES_AGGRESSIVE;
				CLANG_WARN_UNREACHABLE_CODE = YES;
				CLANG_WARN__DUPLICATE_METHOD_MATCH = YES;
				COPY_PHASE_STRIP = NO;
				DEBUG_INFORMATION_FORMAT = dwarf;
				ENABLE_STRICT_OBJC_MSGSEND = YES;
				ENABLE_TESTABILITY = YES;
				ENABLE_USER_SCRIPT_SANDBOXING = YES;
				GCC_C_LANGUAGE_STANDARD = gnu17;
				GCC_DYNAMIC_NO_PIC = NO;
				GCC_NO_COMMON_BLOCKS = YES;
				GCC_OPTIMIZATION_LEVEL = 0;
				GCC_PREPROCESSOR_DEFINITIONS = (
					"DEBUG=1",
					"$(inherited)",
				);
				GCC_WARN_64_TO_32_BIT_CONVERSION = YES;
				GCC_WARN_ABOUT_RETURN_TYPE = YES_ERROR;
				GCC_WARN_UNDECLARED_SELECTOR = YES;
				GCC_WARN_UNINITIALIZED_AUTOS = YES_AGGRESSIVE;
				GCC_WARN_UNUSED_FUNCTION = YES;
				GCC_WARN_UNUSED_VARIABLE = YES;
				INFOPLIST_KEY_NSLocationWhenInUseUsageDescription = "clarkezone needs it";
				IPHONEOS_DEPLOYMENT_TARGET = 17.4;
				LOCALIZATION_PREFERS_STRING_CATALOGS = YES;
				MTL_ENABLE_DEBUG_INFO = INCLUDE_SOURCE;
				MTL_FAST_MATH = YES;
				ONLY_ACTIVE_ARCH = YES;
				SDKROOT = iphoneos;
				SWIFT_ACTIVE_COMPILATION_CONDITIONS = "DEBUG $(inherited)";
				SWIFT_OPTIMIZATION_LEVEL = "-Onone";
			};
			name = Debug;
		};
		9C89EA842AF9A8E200E794FA /* Release */ = {
			isa = XCBuildConfiguration;
			buildSettings = {
				ALWAYS_SEARCH_USER_PATHS = NO;
				ASSETCATALOG_COMPILER_GENERATE_SWIFT_ASSET_SYMBOL_EXTENSIONS = YES;
				CLANG_ANALYZER_NONNULL = YES;
				CLANG_ANALYZER_NUMBER_OBJECT_CONVERSION = YES_AGGRESSIVE;
				CLANG_CXX_LANGUAGE_STANDARD = "gnu++20";
				CLANG_ENABLE_MODULES = YES;
				CLANG_ENABLE_OBJC_ARC = YES;
				CLANG_ENABLE_OBJC_WEAK = YES;
				CLANG_WARN_BLOCK_CAPTURE_AUTORELEASING = YES;
				CLANG_WARN_BOOL_CONVERSION = YES;
				CLANG_WARN_COMMA = YES;
				CLANG_WARN_CONSTANT_CONVERSION = YES;
				CLANG_WARN_DEPRECATED_OBJC_IMPLEMENTATIONS = YES;
				CLANG_WARN_DIRECT_OBJC_ISA_USAGE = YES_ERROR;
				CLANG_WARN_DOCUMENTATION_COMMENTS = YES;
				CLANG_WARN_EMPTY_BODY = YES;
				CLANG_WARN_ENUM_CONVERSION = YES;
				CLANG_WARN_INFINITE_RECURSION = YES;
				CLANG_WARN_INT_CONVERSION = YES;
				CLANG_WARN_NON_LITERAL_NULL_CONVERSION = YES;
				CLANG_WARN_OBJC_IMPLICIT_RETAIN_SELF = YES;
				CLANG_WARN_OBJC_LITERAL_CONVERSION = YES;
				CLANG_WARN_OBJC_ROOT_CLASS = YES_ERROR;
				CLANG_WARN_QUOTED_INCLUDE_IN_FRAMEWORK_HEADER = YES;
				CLANG_WARN_RANGE_LOOP_ANALYSIS = YES;
				CLANG_WARN_STRICT_PROTOTYPES = YES;
				CLANG_WARN_SUSPICIOUS_MOVE = YES;
				CLANG_WARN_UNGUARDED_AVAILABILITY = YES_AGGRESSIVE;
				CLANG_WARN_UNREACHABLE_CODE = YES;
				CLANG_WARN__DUPLICATE_METHOD_MATCH = YES;
				COPY_PHASE_STRIP = NO;
				DEBUG_INFORMATION_FORMAT = "dwarf-with-dsym";
				ENABLE_NS_ASSERTIONS = NO;
				ENABLE_STRICT_OBJC_MSGSEND = YES;
				ENABLE_USER_SCRIPT_SANDBOXING = YES;
				GCC_C_LANGUAGE_STANDARD = gnu17;
				GCC_NO_COMMON_BLOCKS = YES;
				GCC_WARN_64_TO_32_BIT_CONVERSION = YES;
				GCC_WARN_ABOUT_RETURN_TYPE = YES_ERROR;
				GCC_WARN_UNDECLARED_SELECTOR = YES;
				GCC_WARN_UNINITIALIZED_AUTOS = YES_AGGRESSIVE;
				GCC_WARN_UNUSED_FUNCTION = YES;
				GCC_WARN_UNUSED_VARIABLE = YES;
				INFOPLIST_KEY_NSLocationWhenInUseUsageDescription = "";
				IPHONEOS_DEPLOYMENT_TARGET = 17.4;
				LOCALIZATION_PREFERS_STRING_CATALOGS = YES;
				MTL_ENABLE_DEBUG_INFO = NO;
				MTL_FAST_MATH = YES;
				SDKROOT = iphoneos;
				SWIFT_COMPILATION_MODE = wholemodule;
				VALIDATE_PRODUCT = YES;
			};
			name = Release;
		};
		9C89EA862AF9A8E200E794FA /* Debug */ = {
			isa = XCBuildConfiguration;
			buildSettings = {
				ALWAYS_EMBED_SWIFT_STANDARD_LIBRARIES = YES;
				ASSETCATALOG_COMPILER_APPICON_NAME = AppIcon;
				ASSETCATALOG_COMPILER_GLOBAL_ACCENT_COLOR_NAME = AccentColor;
				ASSETCATALOG_COMPILER_INCLUDE_ALL_APPICON_ASSETS = YES;
				CODE_SIGN_ENTITLEMENTS = MonoTestApp/MonoTestApp.entitlements;
				CODE_SIGN_STYLE = Automatic;
				CURRENT_PROJECT_VERSION = 1;
				DEVELOPMENT_ASSET_PATHS = "\"MonoTestApp/Preview Content\"";
				DEVELOPMENT_TEAM = G7G846SFMU;
				ENABLE_PREVIEWS = YES;
				GENERATE_INFOPLIST_FILE = YES;
				INFOPLIST_FILE = MonoTestApp/Info.plist;
				INFOPLIST_KEY_NSLocationWhenInUseUsageDescription = "This is something";
				INFOPLIST_KEY_UIApplicationSceneManifest_Generation = YES;
				INFOPLIST_KEY_UIApplicationSupportsIndirectInputEvents = YES;
				INFOPLIST_KEY_UILaunchScreen_Generation = YES;
				INFOPLIST_KEY_UISupportedInterfaceOrientations_iPad = "UIInterfaceOrientationPortrait UIInterfaceOrientationPortraitUpsideDown UIInterfaceOrientationLandscapeLeft UIInterfaceOrientationLandscapeRight";
				INFOPLIST_KEY_UISupportedInterfaceOrientations_iPhone = "UIInterfaceOrientationPortrait UIInterfaceOrientationLandscapeLeft UIInterfaceOrientationLandscapeRight";
				LD_RUNPATH_SEARCH_PATHS = (
					"$(inherited)",
					"@executable_path/Frameworks",
				);
				MARKETING_VERSION = 1.0;
				PRODUCT_BUNDLE_IDENTIFIER = jj.MonoTestApp;
				PRODUCT_NAME = "$(TARGET_NAME)";
				SUPPORTED_PLATFORMS = "iphoneos iphonesimulator macosx";
				SUPPORTS_MACCATALYST = NO;
				SUPPORTS_MAC_DESIGNED_FOR_IPHONE_IPAD = NO;
				SUPPORTS_XR_DESIGNED_FOR_IPHONE_IPAD = YES;
				SWIFT_EMIT_LOC_STRINGS = YES;
				SWIFT_VERSION = 5.0;
				TARGETED_DEVICE_FAMILY = "1,2";
			};
			name = Debug;
		};
		9C89EA872AF9A8E200E794FA /* Release */ = {
			isa = XCBuildConfiguration;
			buildSettings = {
				ALWAYS_EMBED_SWIFT_STANDARD_LIBRARIES = YES;
				ASSETCATALOG_COMPILER_APPICON_NAME = AppIcon;
				ASSETCATALOG_COMPILER_GLOBAL_ACCENT_COLOR_NAME = AccentColor;
				ASSETCATALOG_COMPILER_INCLUDE_ALL_APPICON_ASSETS = YES;
				CODE_SIGN_ENTITLEMENTS = MonoTestApp/MonoTestApp.entitlements;
				CODE_SIGN_STYLE = Automatic;
				CURRENT_PROJECT_VERSION = 1;
				DEVELOPMENT_ASSET_PATHS = "\"MonoTestApp/Preview Content\"";
				DEVELOPMENT_TEAM = G7G846SFMU;
				ENABLE_PREVIEWS = YES;
				GENERATE_INFOPLIST_FILE = YES;
				INFOPLIST_FILE = MonoTestApp/Info.plist;
				INFOPLIST_KEY_NSLocationWhenInUseUsageDescription = "This is something";
				INFOPLIST_KEY_UIApplicationSceneManifest_Generation = YES;
				INFOPLIST_KEY_UIApplicationSupportsIndirectInputEvents = YES;
				INFOPLIST_KEY_UILaunchScreen_Generation = YES;
				INFOPLIST_KEY_UISupportedInterfaceOrientations_iPad = "UIInterfaceOrientationPortrait UIInterfaceOrientationPortraitUpsideDown UIInterfaceOrientationLandscapeLeft UIInterfaceOrientationLandscapeRight";
				INFOPLIST_KEY_UISupportedInterfaceOrientations_iPhone = "UIInterfaceOrientationPortrait UIInterfaceOrientationLandscapeLeft UIInterfaceOrientationLandscapeRight";
				LD_RUNPATH_SEARCH_PATHS = (
					"$(inherited)",
					"@executable_path/Frameworks",
				);
				MARKETING_VERSION = 1.0;
				PRODUCT_BUNDLE_IDENTIFIER = jj.MonoTestApp;
				PRODUCT_NAME = "$(TARGET_NAME)";
				SUPPORTED_PLATFORMS = "iphoneos iphonesimulator macosx";
				SUPPORTS_MACCATALYST = NO;
				SUPPORTS_MAC_DESIGNED_FOR_IPHONE_IPAD = NO;
				SUPPORTS_XR_DESIGNED_FOR_IPHONE_IPAD = YES;
				SWIFT_EMIT_LOC_STRINGS = YES;
				SWIFT_VERSION = 5.0;
				TARGETED_DEVICE_FAMILY = "1,2";
			};
			name = Release;
		};
		9C89EA892AF9A8E200E794FA /* Debug */ = {
			isa = XCBuildConfiguration;
			buildSettings = {
				ALWAYS_EMBED_SWIFT_STANDARD_LIBRARIES = YES;
				BUNDLE_LOADER = "$(TEST_HOST)";
				CODE_SIGN_STYLE = Automatic;
				CURRENT_PROJECT_VERSION = 1;
				DEVELOPMENT_TEAM = G7G846SFMU;
				GENERATE_INFOPLIST_FILE = YES;
				IPHONEOS_DEPLOYMENT_TARGET = 17.0;
				MARKETING_VERSION = 1.0;
				PRODUCT_BUNDLE_IDENTIFIER = jj.MonoTestAppTests;
				PRODUCT_NAME = "$(TARGET_NAME)";
				SWIFT_EMIT_LOC_STRINGS = NO;
				SWIFT_VERSION = 5.0;
				TARGETED_DEVICE_FAMILY = "1,2";
				TEST_HOST = "$(BUILT_PRODUCTS_DIR)/MonoTestApp.app/$(BUNDLE_EXECUTABLE_FOLDER_PATH)/MonoTestApp";
			};
			name = Debug;
		};
		9C89EA8A2AF9A8E200E794FA /* Release */ = {
			isa = XCBuildConfiguration;
			buildSettings = {
				ALWAYS_EMBED_SWIFT_STANDARD_LIBRARIES = YES;
				BUNDLE_LOADER = "$(TEST_HOST)";
				CODE_SIGN_STYLE = Automatic;
				CURRENT_PROJECT_VERSION = 1;
				DEVELOPMENT_TEAM = G7G846SFMU;
				GENERATE_INFOPLIST_FILE = YES;
				IPHONEOS_DEPLOYMENT_TARGET = 17.0;
				MARKETING_VERSION = 1.0;
				PRODUCT_BUNDLE_IDENTIFIER = jj.MonoTestAppTests;
				PRODUCT_NAME = "$(TARGET_NAME)";
				SWIFT_EMIT_LOC_STRINGS = NO;
				SWIFT_VERSION = 5.0;
				TARGETED_DEVICE_FAMILY = "1,2";
				TEST_HOST = "$(BUILT_PRODUCTS_DIR)/MonoTestApp.app/$(BUNDLE_EXECUTABLE_FOLDER_PATH)/MonoTestApp";
			};
			name = Release;
		};
		9C89EA8C2AF9A8E200E794FA /* Debug */ = {
			isa = XCBuildConfiguration;
			buildSettings = {
				ALWAYS_EMBED_SWIFT_STANDARD_LIBRARIES = YES;
				CODE_SIGN_STYLE = Automatic;
				CURRENT_PROJECT_VERSION = 1;
				DEVELOPMENT_TEAM = G7G846SFMU;
				GENERATE_INFOPLIST_FILE = YES;
				MARKETING_VERSION = 1.0;
				PRODUCT_BUNDLE_IDENTIFIER = jj.MonoTestAppUITests;
				PRODUCT_NAME = "$(TARGET_NAME)";
				SWIFT_EMIT_LOC_STRINGS = NO;
				SWIFT_VERSION = 5.0;
				TARGETED_DEVICE_FAMILY = "1,2";
				TEST_TARGET_NAME = MonoTestApp;
			};
			name = Debug;
		};
		9C89EA8D2AF9A8E200E794FA /* Release */ = {
			isa = XCBuildConfiguration;
			buildSettings = {
				ALWAYS_EMBED_SWIFT_STANDARD_LIBRARIES = YES;
				CODE_SIGN_STYLE = Automatic;
				CURRENT_PROJECT_VERSION = 1;
				DEVELOPMENT_TEAM = G7G846SFMU;
				GENERATE_INFOPLIST_FILE = YES;
				MARKETING_VERSION = 1.0;
				PRODUCT_BUNDLE_IDENTIFIER = jj.MonoTestAppUITests;
				PRODUCT_NAME = "$(TARGET_NAME)";
				SWIFT_EMIT_LOC_STRINGS = NO;
				SWIFT_VERSION = 5.0;
				TARGETED_DEVICE_FAMILY = "1,2";
				TEST_TARGET_NAME = MonoTestApp;
			};
			name = Release;
		};
		9C9B08AD2B0B1BD400D8831F /* Debug */ = {
			isa = XCBuildConfiguration;
			buildSettings = {
				ASSETCATALOG_COMPILER_GLOBAL_ACCENT_COLOR_NAME = AccentColor;
				ASSETCATALOG_COMPILER_WIDGET_BACKGROUND_COLOR_NAME = WidgetBackground;
				CODE_SIGN_STYLE = Automatic;
				CURRENT_PROJECT_VERSION = 1;
				DEVELOPMENT_TEAM = G7G846SFMU;
				GENERATE_INFOPLIST_FILE = YES;
				INFOPLIST_FILE = MonoWidget/Info.plist;
				INFOPLIST_KEY_CFBundleDisplayName = MonoWidget;
				INFOPLIST_KEY_NSHumanReadableCopyright = "";
				LD_RUNPATH_SEARCH_PATHS = (
					"$(inherited)",
					"@executable_path/Frameworks",
					"@executable_path/../../Frameworks",
				);
				MARKETING_VERSION = 1.0;
				PRODUCT_BUNDLE_IDENTIFIER = jj.MonoTestApp.MonoWidget;
				PRODUCT_NAME = "$(TARGET_NAME)";
				SKIP_INSTALL = YES;
				SWIFT_EMIT_LOC_STRINGS = YES;
				SWIFT_VERSION = 5.0;
				TARGETED_DEVICE_FAMILY = "1,2";
			};
			name = Debug;
		};
		9C9B08AE2B0B1BD400D8831F /* Release */ = {
			isa = XCBuildConfiguration;
			buildSettings = {
				ASSETCATALOG_COMPILER_GLOBAL_ACCENT_COLOR_NAME = AccentColor;
				ASSETCATALOG_COMPILER_WIDGET_BACKGROUND_COLOR_NAME = WidgetBackground;
				CODE_SIGN_STYLE = Automatic;
				CURRENT_PROJECT_VERSION = 1;
				DEVELOPMENT_TEAM = G7G846SFMU;
				GENERATE_INFOPLIST_FILE = YES;
				INFOPLIST_FILE = MonoWidget/Info.plist;
				INFOPLIST_KEY_CFBundleDisplayName = MonoWidget;
				INFOPLIST_KEY_NSHumanReadableCopyright = "";
				LD_RUNPATH_SEARCH_PATHS = (
					"$(inherited)",
					"@executable_path/Frameworks",
					"@executable_path/../../Frameworks",
				);
				MARKETING_VERSION = 1.0;
				PRODUCT_BUNDLE_IDENTIFIER = jj.MonoTestApp.MonoWidget;
				PRODUCT_NAME = "$(TARGET_NAME)";
				SKIP_INSTALL = YES;
				SWIFT_EMIT_LOC_STRINGS = YES;
				SWIFT_VERSION = 5.0;
				TARGETED_DEVICE_FAMILY = "1,2";
			};
			name = Release;
		};
/* End XCBuildConfiguration section */

/* Begin XCConfigurationList section */
		9C89EA582AF9A8E100E794FA /* Build configuration list for PBXProject "MonoTestApp" */ = {
			isa = XCConfigurationList;
			buildConfigurations = (
				9C89EA832AF9A8E200E794FA /* Debug */,
				9C89EA842AF9A8E200E794FA /* Release */,
			);
			defaultConfigurationIsVisible = 0;
			defaultConfigurationName = Release;
		};
		9C89EA852AF9A8E200E794FA /* Build configuration list for PBXNativeTarget "MonoTestApp" */ = {
			isa = XCConfigurationList;
			buildConfigurations = (
				9C89EA862AF9A8E200E794FA /* Debug */,
				9C89EA872AF9A8E200E794FA /* Release */,
			);
			defaultConfigurationIsVisible = 0;
			defaultConfigurationName = Release;
		};
		9C89EA882AF9A8E200E794FA /* Build configuration list for PBXNativeTarget "MonoTestAppTests" */ = {
			isa = XCConfigurationList;
			buildConfigurations = (
				9C89EA892AF9A8E200E794FA /* Debug */,
				9C89EA8A2AF9A8E200E794FA /* Release */,
			);
			defaultConfigurationIsVisible = 0;
			defaultConfigurationName = Release;
		};
		9C89EA8B2AF9A8E200E794FA /* Build configuration list for PBXNativeTarget "MonoTestAppUITests" */ = {
			isa = XCConfigurationList;
			buildConfigurations = (
				9C89EA8C2AF9A8E200E794FA /* Debug */,
				9C89EA8D2AF9A8E200E794FA /* Release */,
			);
			defaultConfigurationIsVisible = 0;
			defaultConfigurationName = Release;
		};
		9C9B08AF2B0B1BD400D8831F /* Build configuration list for PBXNativeTarget "MonoWidgetExtension" */ = {
			isa = XCConfigurationList;
			buildConfigurations = (
				9C9B08AD2B0B1BD400D8831F /* Debug */,
				9C9B08AE2B0B1BD400D8831F /* Release */,
			);
			defaultConfigurationIsVisible = 0;
			defaultConfigurationName = Release;
		};
/* End XCConfigurationList section */

/* Begin XCRemoteSwiftPackageReference section */
		9C96CFF42BBCC82E00C3F8C8 /* XCRemoteSwiftPackageReference "swiftui-sliders" */ = {
			isa = XCRemoteSwiftPackageReference;
			repositoryURL = "git@github.com:spacenation/swiftui-sliders.git";
			requirement = {
				kind = upToNextMajorVersion;
				minimumVersion = 2.1.0;
			};
		};
/* End XCRemoteSwiftPackageReference section */

/* Begin XCSwiftPackageProductDependency section */
		9C96CFF52BBCC82E00C3F8C8 /* Sliders */ = {
			isa = XCSwiftPackageProductDependency;
			package = 9C96CFF42BBCC82E00C3F8C8 /* XCRemoteSwiftPackageReference "swiftui-sliders" */;
			productName = Sliders;
		};
/* End XCSwiftPackageProductDependency section */
	};
	rootObject = 9C89EA552AF9A8E100E794FA /* Project object */;
}
