{
  "originHash" : "a65d5b82ae307f1ba878066fa594cdf607708924459769cc21004f13f6274387",
  "pins" : [
    {
      "identity" : "swiftui-sliders",
      "kind" : "remoteSourceControl",
      "location" : "git@github.com:spacenation/swiftui-sliders.git",
      "state" : {
        "revision" : "d5a7d856655d5c91f891c2b69d982c30fd5c7bdf",
        "version" : "2.1.0"
      }
    }
  ],
  "version" : 3
}
